<?xml version="1.0" encoding="utf-8"?>
<Project ToolsVersion="4.0" xmlns="http://schemas.microsoft.com/developer/msbuild/2003">
  <ItemGroup>
    <Filter Include="Core">
      <UniqueIdentifier>{2EB4837C-1AEB-840D-C3D7-6A10AFED000F}</UniqueIdentifier>
    </Filter>
  </ItemGroup>
  <ItemGroup>
    <ClInclude Include="src\Core\Application.h">
      <Filter>Core</Filter>
    </ClInclude>
    <ClInclude Include="src\Core\Core.h">
      <Filter>Core</Filter>
    </ClInclude>
    <ClInclude Include="src\Core\Main.h">
      <Filter>Core</Filter>
    </ClInclude>
    <ClInclude Include="src\Elements.h" />
    <ClInclude Include="src\MessageSystem\MessageBus.h" />
    <ClInclude Include="src\MessageSystem\Message.h" />
    <ClInclude Include="src\Core\System.h" />
    <ClInclude Include="src\InputSystem\InputSystem.h" />
  </ItemGroup>
  <ItemGroup>
    <ClCompile Include="src\Core\Application.cpp">
      <Filter>Core</Filter>
    </ClCompile>
    <ClCompile Include="src\MessageSystem\MessageBus.cpp" />
    <ClCompile Include="src\MessageSystem\Message.cpp" />
    <ClCompile Include="src\Core\System.cpp" />
    <ClCompile Include="src\InputSystem\InputSystem.cpp" />
  </ItemGroup>
</Project>