<?xml version="1.0" encoding="utf-8"?>
<Project ToolsVersion="4.0" xmlns="http://schemas.microsoft.com/developer/msbuild/2003">
  <ItemGroup>
    <Filter Include="Core">
      <UniqueIdentifier>{2EB4837C-1AEB-840D-C3D7-6A10AFED000F}</UniqueIdentifier>
    </Filter>
    <Filter Include="InputSystem">
      <UniqueIdentifier>{FAE1B94B-6697-3241-EF8B-2C185B402945}</UniqueIdentifier>
    </Filter>
    <Filter Include="MessageSystem">
      <UniqueIdentifier>{EFE1C1B0-5BA2-3DE7-24DD-8664905C82C3}</UniqueIdentifier>
    </Filter>
    <Filter Include="Utilities">
      <UniqueIdentifier>{010A8043-6D74-34BA-B6B2-E55F225C120F}</UniqueIdentifier>
    </Filter>
  </ItemGroup>
  <ItemGroup>
    <ClInclude Include="src\Core\Application.h">
      <Filter>Core</Filter>
    </ClInclude>
    <ClInclude Include="src\Core\Core.h">
      <Filter>Core</Filter>
    </ClInclude>
    <ClInclude Include="src\Core\Main.h">
      <Filter>Core</Filter>
    </ClInclude>
    <ClInclude Include="src\Core\System.h">
      <Filter>Core</Filter>
    </ClInclude>
    <ClInclude Include="src\Core\Window.h">
      <Filter>Core</Filter>
    </ClInclude>
    <ClInclude Include="src\Elements.h" />
    <ClInclude Include="src\InputSystem\InputSystem.h">
      <Filter>InputSystem</Filter>
    </ClInclude>
    <ClInclude Include="src\InputSystem\KeyInputMessage.h">
      <Filter>InputSystem</Filter>
    </ClInclude>
    <ClInclude Include="src\InputSystem\Keys.h">
      <Filter>InputSystem</Filter>
    </ClInclude>
    <ClInclude Include="src\MessageSystem\Message.h">
      <Filter>MessageSystem</Filter>
    </ClInclude>
    <ClInclude Include="src\MessageSystem\MessageBus.h">
      <Filter>MessageSystem</Filter>
    </ClInclude>
    <ClInclude Include="src\Utilities\Log.h">
      <Filter>Utilities</Filter>
    </ClInclude>
    <ClInclude Include="src\elmtpch.h" />
    <ClInclude Include="src\Core\WindowMessage.h">
      <Filter>Core</Filter>
    </ClInclude>
  </ItemGroup>
  <ItemGroup>
    <ClCompile Include="src\Core\Application.cpp">
      <Filter>Core</Filter>
    </ClCompile>
    <ClCompile Include="src\Core\System.cpp">
      <Filter>Core</Filter>
    </ClCompile>
    <ClCompile Include="src\Core\Window.cpp">
      <Filter>Core</Filter>
    </ClCompile>
    <ClCompile Include="src\InputSystem\InputSystem.cpp">
      <Filter>InputSystem</Filter>
    </ClCompile>
    <ClCompile Include="src\MessageSystem\MessageBus.cpp">
      <Filter>MessageSystem</Filter>
    </ClCompile>
    <ClCompile Include="src\Utilities\Log.cpp">
      <Filter>Utilities</Filter>
    </ClCompile>
    <ClCompile Include="src\elmtpch.cpp" />
  </ItemGroup>
</Project>